// !$*UTF8*$!
{
	archiveVersion = 1;
	classes = {
	};
	objectVersion = 56;
	objects = {

/* Begin PBXBuildFile section */
		5197A6DF2B1BCAAA0014D399 /* RateMyDormApp.swift in Sources */ = {isa = PBXBuildFile; fileRef = 5197A6DE2B1BCAAA0014D399 /* RateMyDormApp.swift */; };
		5197A6E12B1BCAAA0014D399 /* ContentView.swift in Sources */ = {isa = PBXBuildFile; fileRef = 5197A6E02B1BCAAA0014D399 /* ContentView.swift */; };
		5197A6E32B1BCAB10014D399 /* Assets.xcassets in Resources */ = {isa = PBXBuildFile; fileRef = 5197A6E22B1BCAB10014D399 /* Assets.xcassets */; };
		5197A6E62B1BCAB10014D399 /* Preview Assets.xcassets in Resources */ = {isa = PBXBuildFile; fileRef = 5197A6E52B1BCAB10014D399 /* Preview Assets.xcassets */; };
		5197A6E82B1BCAB10014D399 /* Persistence.swift in Sources */ = {isa = PBXBuildFile; fileRef = 5197A6E72B1BCAB10014D399 /* Persistence.swift */; };
		5197A6EB2B1BCAB10014D399 /* RateMyDorm.xcdatamodeld in Sources */ = {isa = PBXBuildFile; fileRef = 5197A6E92B1BCAB10014D399 /* RateMyDorm.xcdatamodeld */; };
		5197A6F42B2535D50014D399 /* HomeNavView.swift in Sources */ = {isa = PBXBuildFile; fileRef = 5197A6F32B2535D50014D399 /* HomeNavView.swift */; };
		5197A6F62B253CA40014D399 /* BlogView.swift in Sources */ = {isa = PBXBuildFile; fileRef = 5197A6F52B253CA40014D399 /* BlogView.swift */; };
		5197A6F82B253CB30014D399 /* AddRatingView.swift in Sources */ = {isa = PBXBuildFile; fileRef = 5197A6F72B253CB30014D399 /* AddRatingView.swift */; };
		5197A6FA2B253CC00014D399 /* ForumView.swift in Sources */ = {isa = PBXBuildFile; fileRef = 5197A6F92B253CC00014D399 /* ForumView.swift */; };
		5197A6FC2B253CD00014D399 /* UserProfileView.swift in Sources */ = {isa = PBXBuildFile; fileRef = 5197A6FB2B253CD00014D399 /* UserProfileView.swift */; };
		5197A6FE2B253DAB0014D399 /* HomeView.swift in Sources */ = {isa = PBXBuildFile; fileRef = 5197A6FD2B253DAB0014D399 /* HomeView.swift */; };
/* End PBXBuildFile section */

/* Begin PBXFileReference section */
		5197A6DB2B1BCAAA0014D399 /* RateMyDorm.app */ = {isa = PBXFileReference; explicitFileType = wrapper.application; includeInIndex = 0; path = RateMyDorm.app; sourceTree = BUILT_PRODUCTS_DIR; };
		5197A6DE2B1BCAAA0014D399 /* RateMyDormApp.swift */ = {isa = PBXFileReference; lastKnownFileType = sourcecode.swift; path = RateMyDormApp.swift; sourceTree = "<group>"; };
		5197A6E02B1BCAAA0014D399 /* ContentView.swift */ = {isa = PBXFileReference; lastKnownFileType = sourcecode.swift; path = ContentView.swift; sourceTree = "<group>"; };
		5197A6E22B1BCAB10014D399 /* Assets.xcassets */ = {isa = PBXFileReference; lastKnownFileType = folder.assetcatalog; path = Assets.xcassets; sourceTree = "<group>"; };
		5197A6E52B1BCAB10014D399 /* Preview Assets.xcassets */ = {isa = PBXFileReference; lastKnownFileType = folder.assetcatalog; path = "Preview Assets.xcassets"; sourceTree = "<group>"; };
		5197A6E72B1BCAB10014D399 /* Persistence.swift */ = {isa = PBXFileReference; lastKnownFileType = sourcecode.swift; path = Persistence.swift; sourceTree = "<group>"; };
		5197A6EA2B1BCAB10014D399 /* RateMyDorm.xcdatamodel */ = {isa = PBXFileReference; lastKnownFileType = wrapper.xcdatamodel; path = RateMyDorm.xcdatamodel; sourceTree = "<group>"; };
		5197A6F32B2535D50014D399 /* HomeNavView.swift */ = {isa = PBXFileReference; lastKnownFileType = sourcecode.swift; path = HomeNavView.swift; sourceTree = "<group>"; };
		5197A6F52B253CA40014D399 /* BlogView.swift */ = {isa = PBXFileReference; lastKnownFileType = sourcecode.swift; path = BlogView.swift; sourceTree = "<group>"; };
		5197A6F72B253CB30014D399 /* AddRatingView.swift */ = {isa = PBXFileReference; lastKnownFileType = sourcecode.swift; path = AddRatingView.swift; sourceTree = "<group>"; };
		5197A6F92B253CC00014D399 /* ForumView.swift */ = {isa = PBXFileReference; lastKnownFileType = sourcecode.swift; path = ForumView.swift; sourceTree = "<group>"; };
		5197A6FB2B253CD00014D399 /* UserProfileView.swift */ = {isa = PBXFileReference; lastKnownFileType = sourcecode.swift; path = UserProfileView.swift; sourceTree = "<group>"; };
		5197A6FD2B253DAB0014D399 /* HomeView.swift */ = {isa = PBXFileReference; lastKnownFileType = sourcecode.swift; path = HomeView.swift; sourceTree = "<group>"; };
/* End PBXFileReference section */

/* Begin PBXFrameworksBuildPhase section */
		5197A6D82B1BCAAA0014D399 /* Frameworks */ = {
			isa = PBXFrameworksBuildPhase;
			buildActionMask = 2147483647;
			files = (
			);
			runOnlyForDeploymentPostprocessing = 0;
		};
/* End PBXFrameworksBuildPhase section */

/* Begin PBXGroup section */
		5197A6D22B1BCAAA0014D399 = {
			isa = PBXGroup;
			children = (
				5197A6DD2B1BCAAA0014D399 /* RateMyDorm */,
				5197A6DC2B1BCAAA0014D399 /* Products */,
			);
			sourceTree = "<group>";
		};
		5197A6DC2B1BCAAA0014D399 /* Products */ = {
			isa = PBXGroup;
			children = (
				5197A6DB2B1BCAAA0014D399 /* RateMyDorm.app */,
			);
			name = Products;
			sourceTree = "<group>";
		};
		5197A6DD2B1BCAAA0014D399 /* RateMyDorm */ = {
			isa = PBXGroup;
			children = (
				5197A6F22B25266C0014D399 /* ViewModels */,
				5197A6F12B25260B0014D399 /* Views */,
				5197A6DE2B1BCAAA0014D399 /* RateMyDormApp.swift */,
				5197A6E02B1BCAAA0014D399 /* ContentView.swift */,
				5197A6E22B1BCAB10014D399 /* Assets.xcassets */,
				5197A6E72B1BCAB10014D399 /* Persistence.swift */,
				5197A6E92B1BCAB10014D399 /* RateMyDorm.xcdatamodeld */,
				5197A6E42B1BCAB10014D399 /* Preview Content */,
			);
			path = RateMyDorm;
			sourceTree = "<group>";
		};
		5197A6E42B1BCAB10014D399 /* Preview Content */ = {
			isa = PBXGroup;
			children = (
				5197A6E52B1BCAB10014D399 /* Preview Assets.xcassets */,
			);
			path = "Preview Content";
			sourceTree = "<group>";
		};
		5197A6F12B25260B0014D399 /* Views */ = {
			isa = PBXGroup;
			children = (
				5197A6F32B2535D50014D399 /* HomeNavView.swift */,
				5197A6FD2B253DAB0014D399 /* HomeView.swift */,
				5197A6F52B253CA40014D399 /* BlogView.swift */,
				5197A6F72B253CB30014D399 /* AddRatingView.swift */,
				5197A6F92B253CC00014D399 /* ForumView.swift */,
				5197A6FB2B253CD00014D399 /* UserProfileView.swift */,
			);
			path = Views;
			sourceTree = "<group>";
		};
		5197A6F22B25266C0014D399 /* ViewModels */ = {
			isa = PBXGroup;
			children = (
			);
			path = ViewModels;
			sourceTree = "<group>";
		};
/* End PBXGroup section */

/* Begin PBXNativeTarget section */
		5197A6DA2B1BCAAA0014D399 /* RateMyDorm */ = {
			isa = PBXNativeTarget;
			buildConfigurationList = 5197A6EE2B1BCAB10014D399 /* Build configuration list for PBXNativeTarget "RateMyDorm" */;
			buildPhases = (
				5197A6D72B1BCAAA0014D399 /* Sources */,
				5197A6D82B1BCAAA0014D399 /* Frameworks */,
				5197A6D92B1BCAAA0014D399 /* Resources */,
			);
			buildRules = (
			);
			dependencies = (
			);
			name = RateMyDorm;
			productName = RateMyDorm;
			productReference = 5197A6DB2B1BCAAA0014D399 /* RateMyDorm.app */;
			productType = "com.apple.product-type.application";
		};
/* End PBXNativeTarget section */

/* Begin PBXProject section */
		5197A6D32B1BCAAA0014D399 /* Project object */ = {
			isa = PBXProject;
			attributes = {
				BuildIndependentTargetsInParallel = 1;
				LastSwiftUpdateCheck = 1430;
				LastUpgradeCheck = 1430;
				TargetAttributes = {
					5197A6DA2B1BCAAA0014D399 = {
						CreatedOnToolsVersion = 14.3;
					};
				};
			};
			buildConfigurationList = 5197A6D62B1BCAAA0014D399 /* Build configuration list for PBXProject "RateMyDorm" */;
			compatibilityVersion = "Xcode 14.0";
			developmentRegion = en;
			hasScannedForEncodings = 0;
			knownRegions = (
				en,
				Base,
			);
			mainGroup = 5197A6D22B1BCAAA0014D399;
			productRefGroup = 5197A6DC2B1BCAAA0014D399 /* Products */;
			projectDirPath = "";
			projectRoot = "";
			targets = (
				5197A6DA2B1BCAAA0014D399 /* RateMyDorm */,
			);
		};
/* End PBXProject section */

/* Begin PBXResourcesBuildPhase section */
		5197A6D92B1BCAAA0014D399 /* Resources */ = {
			isa = PBXResourcesBuildPhase;
			buildActionMask = 2147483647;
			files = (
				5197A6E62B1BCAB10014D399 /* Preview Assets.xcassets in Resources */,
				5197A6E32B1BCAB10014D399 /* Assets.xcassets in Resources */,
			);
			runOnlyForDeploymentPostprocessing = 0;
		};
/* End PBXResourcesBuildPhase section */

/* Begin PBXSourcesBuildPhase section */
		5197A6D72B1BCAAA0014D399 /* Sources */ = {
			isa = PBXSourcesBuildPhase;
			buildActionMask = 2147483647;
			files = (
				5197A6E82B1BCAB10014D399 /* Persistence.swift in Sources */,
				5197A6FC2B253CD00014D399 /* UserProfileView.swift in Sources */,
				5197A6E12B1BCAAA0014D399 /* ContentView.swift in Sources */,
				5197A6FE2B253DAB0014D399 /* HomeView.swift in Sources */,
				5197A6DF2B1BCAAA0014D399 /* RateMyDormApp.swift in Sources */,
				5197A6F42B2535D50014D399 /* HomeNavView.swift in Sources */,
				5197A6F82B253CB30014D399 /* AddRatingView.swift in Sources */,
				5197A6F62B253CA40014D399 /* BlogView.swift in Sources */,
				5197A6FA2B253CC00014D399 /* ForumView.swift in Sources */,
				5197A6EB2B1BCAB10014D399 /* RateMyDorm.xcdatamodeld in Sources */,
			);
			runOnlyForDeploymentPostprocessing = 0;
		};
/* End PBXSourcesBuildPhase section */

/* Begin XCBuildConfiguration section */
		5197A6EC2B1BCAB10014D399 /* Debug */ = {
			isa = XCBuildConfiguration;
			buildSettings = {
				ALWAYS_SEARCH_USER_PATHS = NO;
				CLANG_ANALYZER_NONNULL = YES;
				CLANG_ANALYZER_NUMBER_OBJECT_CONVERSION = YES_AGGRESSIVE;
				CLANG_CXX_LANGUAGE_STANDARD = "gnu++20";
				CLANG_ENABLE_MODULES = YES;
				CLANG_ENABLE_OBJC_ARC = YES;
				CLANG_ENABLE_OBJC_WEAK = YES;
				CLANG_WARN_BLOCK_CAPTURE_AUTORELEASING = YES;
				CLANG_WARN_BOOL_CONVERSION = YES;
				CLANG_WARN_COMMA = YES;
				CLANG_WARN_CONSTANT_CONVERSION = YES;
				CLANG_WARN_DEPRECATED_OBJC_IMPLEMENTATIONS = YES;
				CLANG_WARN_DIRECT_OBJC_ISA_USAGE = YES_ERROR;
				CLANG_WARN_DOCUMENTATION_COMMENTS = YES;
				CLANG_WARN_EMPTY_BODY = YES;
				CLANG_WARN_ENUM_CONVERSION = YES;
				CLANG_WARN_INFINITE_RECURSION = YES;
				CLANG_WARN_INT_CONVERSION = YES;
				CLANG_WARN_NON_LITERAL_NULL_CONVERSION = YES;
				CLANG_WARN_OBJC_IMPLICIT_RETAIN_SELF = YES;
				CLANG_WARN_OBJC_LITERAL_CONVERSION = YES;
				CLANG_WARN_OBJC_ROOT_CLASS = YES_ERROR;
				CLANG_WARN_QUOTED_INCLUDE_IN_FRAMEWORK_HEADER = YES;
				CLANG_WARN_RANGE_LOOP_ANALYSIS = YES;
				CLANG_WARN_STRICT_PROTOTYPES = YES;
				CLANG_WARN_SUSPICIOUS_MOVE = YES;
				CLANG_WARN_UNGUARDED_AVAILABILITY = YES_AGGRESSIVE;
				CLANG_WARN_UNREACHABLE_CODE = YES;
				CLANG_WARN__DUPLICATE_METHOD_MATCH = YES;
				COPY_PHASE_STRIP = NO;
				DEBUG_INFORMATION_FORMAT = dwarf;
				ENABLE_STRICT_OBJC_MSGSEND = YES;
				ENABLE_TESTABILITY = YES;
				GCC_C_LANGUAGE_STANDARD = gnu11;
				GCC_DYNAMIC_NO_PIC = NO;
				GCC_NO_COMMON_BLOCKS = YES;
				GCC_OPTIMIZATION_LEVEL = 0;
				GCC_PREPROCESSOR_DEFINITIONS = (
					"DEBUG=1",
					"$(inherited)",
				);
				GCC_WARN_64_TO_32_BIT_CONVERSION = YES;
				GCC_WARN_ABOUT_RETURN_TYPE = YES_ERROR;
				GCC_WARN_UNDECLARED_SELECTOR = YES;
				GCC_WARN_UNINITIALIZED_AUTOS = YES_AGGRESSIVE;
				GCC_WARN_UNUSED_FUNCTION = YES;
				GCC_WARN_UNUSED_VARIABLE = YES;
				IPHONEOS_DEPLOYMENT_TARGET = 16.4;
				MTL_ENABLE_DEBUG_INFO = INCLUDE_SOURCE;
				MTL_FAST_MATH = YES;
				ONLY_ACTIVE_ARCH = YES;
				SDKROOT = iphoneos;
				SWIFT_ACTIVE_COMPILATION_CONDITIONS = DEBUG;
				SWIFT_OPTIMIZATION_LEVEL = "-Onone";
			};
			name = Debug;
		};
		5197A6ED2B1BCAB10014D399 /* Release */ = {
			isa = XCBuildConfiguration;
			buildSettings = {
				ALWAYS_SEARCH_USER_PATHS = NO;
				CLANG_ANALYZER_NONNULL = YES;
				CLANG_ANALYZER_NUMBER_OBJECT_CONVERSION = YES_AGGRESSIVE;
				CLANG_CXX_LANGUAGE_STANDARD = "gnu++20";
				CLANG_ENABLE_MODULES = YES;
				CLANG_ENABLE_OBJC_ARC = YES;
				CLANG_ENABLE_OBJC_WEAK = YES;
				CLANG_WARN_BLOCK_CAPTURE_AUTORELEASING = YES;
				CLANG_WARN_BOOL_CONVERSION = YES;
				CLANG_WARN_COMMA = YES;
				CLANG_WARN_CONSTANT_CONVERSION = YES;
				CLANG_WARN_DEPRECATED_OBJC_IMPLEMENTATIONS = YES;
				CLANG_WARN_DIRECT_OBJC_ISA_USAGE = YES_ERROR;
				CLANG_WARN_DOCUMENTATION_COMMENTS = YES;
				CLANG_WARN_EMPTY_BODY = YES;
				CLANG_WARN_ENUM_CONVERSION = YES;
				CLANG_WARN_INFINITE_RECURSION = YES;
				CLANG_WARN_INT_CONVERSION = YES;
				CLANG_WARN_NON_LITERAL_NULL_CONVERSION = YES;
				CLANG_WARN_OBJC_IMPLICIT_RETAIN_SELF = YES;
				CLANG_WARN_OBJC_LITERAL_CONVERSION = YES;
				CLANG_WARN_OBJC_ROOT_CLASS = YES_ERROR;
				CLANG_WARN_QUOTED_INCLUDE_IN_FRAMEWORK_HEADER = YES;
				CLANG_WARN_RANGE_LOOP_ANALYSIS = YES;
				CLANG_WARN_STRICT_PROTOTYPES = YES;
				CLANG_WARN_SUSPICIOUS_MOVE = YES;
				CLANG_WARN_UNGUARDED_AVAILABILITY = YES_AGGRESSIVE;
				CLANG_WARN_UNREACHABLE_CODE = YES;
				CLANG_WARN__DUPLICATE_METHOD_MATCH = YES;
				COPY_PHASE_STRIP = NO;
				DEBUG_INFORMATION_FORMAT = "dwarf-with-dsym";
				ENABLE_NS_ASSERTIONS = NO;
				ENABLE_STRICT_OBJC_MSGSEND = YES;
				GCC_C_LANGUAGE_STANDARD = gnu11;
				GCC_NO_COMMON_BLOCKS = YES;
				GCC_WARN_64_TO_32_BIT_CONVERSION = YES;
				GCC_WARN_ABOUT_RETURN_TYPE = YES_ERROR;
				GCC_WARN_UNDECLARED_SELECTOR = YES;
				GCC_WARN_UNINITIALIZED_AUTOS = YES_AGGRESSIVE;
				GCC_WARN_UNUSED_FUNCTION = YES;
				GCC_WARN_UNUSED_VARIABLE = YES;
				IPHONEOS_DEPLOYMENT_TARGET = 16.4;
				MTL_ENABLE_DEBUG_INFO = NO;
				MTL_FAST_MATH = YES;
				SDKROOT = iphoneos;
				SWIFT_COMPILATION_MODE = wholemodule;
				SWIFT_OPTIMIZATION_LEVEL = "-O";
				VALIDATE_PRODUCT = YES;
			};
			name = Release;
		};
		5197A6EF2B1BCAB10014D399 /* Debug */ = {
			isa = XCBuildConfiguration;
			buildSettings = {
				ASSETCATALOG_COMPILER_APPICON_NAME = AppIcon;
				ASSETCATALOG_COMPILER_GLOBAL_ACCENT_COLOR_NAME = AccentColor;
				CODE_SIGN_STYLE = Automatic;
				CURRENT_PROJECT_VERSION = 1;
				DEVELOPMENT_ASSET_PATHS = "\"RateMyDorm/Preview Content\"";
				ENABLE_PREVIEWS = YES;
				GENERATE_INFOPLIST_FILE = YES;
				INFOPLIST_KEY_UIApplicationSceneManifest_Generation = YES;
				INFOPLIST_KEY_UIApplicationSupportsIndirectInputEvents = YES;
				INFOPLIST_KEY_UILaunchScreen_Generation = YES;
				INFOPLIST_KEY_UISupportedInterfaceOrientations_iPad = "UIInterfaceOrientationPortrait UIInterfaceOrientationPortraitUpsideDown UIInterfaceOrientationLandscapeLeft UIInterfaceOrientationLandscapeRight";
				INFOPLIST_KEY_UISupportedInterfaceOrientations_iPhone = "UIInterfaceOrientationPortrait UIInterfaceOrientationLandscapeLeft UIInterfaceOrientationLandscapeRight";
				LD_RUNPATH_SEARCH_PATHS = (
					"$(inherited)",
					"@executable_path/Frameworks",
				);
				MARKETING_VERSION = 1.0;
				PRODUCT_BUNDLE_IDENTIFIER = mzhao99.RateMyDorm;
				PRODUCT_NAME = "$(TARGET_NAME)";
				SWIFT_EMIT_LOC_STRINGS = YES;
				SWIFT_VERSION = 5.0;
				TARGETED_DEVICE_FAMILY = "1,2";
			};
			name = Debug;
		};
		5197A6F02B1BCAB10014D399 /* Release */ = {
			isa = XCBuildConfiguration;
			buildSettings = {
				ASSETCATALOG_COMPILER_APPICON_NAME = AppIcon;
				ASSETCATALOG_COMPILER_GLOBAL_ACCENT_COLOR_NAME = AccentColor;
				CODE_SIGN_STYLE = Automatic;
				CURRENT_PROJECT_VERSION = 1;
				DEVELOPMENT_ASSET_PATHS = "\"RateMyDorm/Preview Content\"";
				ENABLE_PREVIEWS = YES;
				GENERATE_INFOPLIST_FILE = YES;
				INFOPLIST_KEY_UIApplicationSceneManifest_Generation = YES;
				INFOPLIST_KEY_UIApplicationSupportsIndirectInputEvents = YES;
				INFOPLIST_KEY_UILaunchScreen_Generation = YES;
				INFOPLIST_KEY_UISupportedInterfaceOrientations_iPad = "UIInterfaceOrientationPortrait UIInterfaceOrientationPortraitUpsideDown UIInterfaceOrientationLandscapeLeft UIInterfaceOrientationLandscapeRight";
				INFOPLIST_KEY_UISupportedInterfaceOrientations_iPhone = "UIInterfaceOrientationPortrait UIInterfaceOrientationLandscapeLeft UIInterfaceOrientationLandscapeRight";
				LD_RUNPATH_SEARCH_PATHS = (
					"$(inherited)",
					"@executable_path/Frameworks",
				);
				MARKETING_VERSION = 1.0;
				PRODUCT_BUNDLE_IDENTIFIER = mzhao99.RateMyDorm;
				PRODUCT_NAME = "$(TARGET_NAME)";
				SWIFT_EMIT_LOC_STRINGS = YES;
				SWIFT_VERSION = 5.0;
				TARGETED_DEVICE_FAMILY = "1,2";
			};
			name = Release;
		};
/* End XCBuildConfiguration section */

/* Begin XCConfigurationList section */
		5197A6D62B1BCAAA0014D399 /* Build configuration list for PBXProject "RateMyDorm" */ = {
			isa = XCConfigurationList;
			buildConfigurations = (
				5197A6EC2B1BCAB10014D399 /* Debug */,
				5197A6ED2B1BCAB10014D399 /* Release */,
			);
			defaultConfigurationIsVisible = 0;
			defaultConfigurationName = Release;
		};
		5197A6EE2B1BCAB10014D399 /* Build configuration list for PBXNativeTarget "RateMyDorm" */ = {
			isa = XCConfigurationList;
			buildConfigurations = (
				5197A6EF2B1BCAB10014D399 /* Debug */,
				5197A6F02B1BCAB10014D399 /* Release */,
			);
			defaultConfigurationIsVisible = 0;
			defaultConfigurationName = Release;
		};
/* End XCConfigurationList section */

/* Begin XCVersionGroup section */
		5197A6E92B1BCAB10014D399 /* RateMyDorm.xcdatamodeld */ = {
			isa = XCVersionGroup;
			children = (
				5197A6EA2B1BCAB10014D399 /* RateMyDorm.xcdatamodel */,
			);
			currentVersion = 5197A6EA2B1BCAB10014D399 /* RateMyDorm.xcdatamodel */;
			path = RateMyDorm.xcdatamodeld;
			sourceTree = "<group>";
			versionGroupType = wrapper.xcdatamodel;
		};
/* End XCVersionGroup section */
	};
	rootObject = 5197A6D32B1BCAAA0014D399 /* Project object */;
}
